
Microsoft Visual Studio Solution File, Format Version 12.00
# Visual Studio Version 16
VisualStudioVersion = 16.0.31911.196
MinimumVisualStudioVersion = 10.0.40219.1
Project("{FAE04EC0-301F-11D3-BF4B-00C04F79EFBC}") = "KütüphaneOtomasyonuFinal", "KütüphaneOtomasyonuFinal.csproj", "{3AB4D111-2D5F-4164-A739-B25CD46E0B0C}"
EndProject
Global
	GlobalSection(SolutionConfigurationPlatforms) = preSolution
		Debug|Any CPU = Debug|Any CPU
		Release|Any CPU = Release|Any CPU
	EndGlobalSection
	GlobalSection(ProjectConfigurationPlatforms) = postSolution
		{3AB4D111-2D5F-4164-A739-B25CD46E0B0C}.Debug|Any CPU.ActiveCfg = Debug|Any CPU
		{3AB4D111-2D5F-4164-A739-B25CD46E0B0C}.Debug|Any CPU.Build.0 = Debug|Any CPU
		{3AB4D111-2D5F-4164-A739-B25CD46E0B0C}.Release|Any CPU.ActiveCfg = Release|Any CPU
		{3AB4D111-2D5F-4164-A739-B25CD46E0B0C}.Release|Any CPU.Build.0 = Release|Any CPU
	EndGlobalSection
	GlobalSection(SolutionProperties) = preSolution
		HideSolutionNode = FALSE
	EndGlobalSection
	GlobalSection(ExtensibilityGlobals) = postSolution
		SolutionGuid = {7BC7408B-F45A-4E36-9651-460CB9C8BD93}
	EndGlobalSection
EndGlobal
